Microsoft Visual Studio Solution File, Format Version 8.00
Project("{8BC9CEB8-8B4A-11D0-8D11-00A0C91BC942}") = "databaser", "databaser.vcproj", "{D29E1C6A-5503-46A3-A43C-DF695863B9F0}"
	ProjectSection(ProjectDependencies) = postProject
	EndProjectSection
EndProject
Global
	GlobalSection(SourceCodeControl) = preSolution
		SccNumberOfProjects = 2
		SccProjectName0 = \u0022$/databaser\u0022,\u0020FHAAAAAA
		SccLocalPath0 = .
		SccProvider0 = MSSCCI:Microsoft\u0020Visual\u0020SourceSafe
		CanCheckoutShared = false
		SolutionUniqueID = {8AE45DA2-DA2D-4208-8548-705AAC3C6D20}
		SccProjectUniqueName1 = databaser.vcproj
		SccLocalPath1 = .
		CanCheckoutShared = false
	EndGlobalSection
	GlobalSection(SolutionConfiguration) = preSolution
		Debug = Debug
		Release = Release
	EndGlobalSection
	GlobalSection(ProjectConfiguration) = postSolution
		{D29E1C6A-5503-46A3-A43C-DF695863B9F0}.Debug.ActiveCfg = Debug|Win32
		{D29E1C6A-5503-46A3-A43C-DF695863B9F0}.Debug.Build.0 = Debug|Win32
		{D29E1C6A-5503-46A3-A43C-DF695863B9F0}.Release.ActiveCfg = Release|Win32
		{D29E1C6A-5503-46A3-A43C-DF695863B9F0}.Release.Build.0 = Release|Win32
	EndGlobalSection
	GlobalSection(ExtensibilityGlobals) = postSolution
	EndGlobalSection
	GlobalSection(ExtensibilityAddIns) = postSolution
	EndGlobalSection
EndGlobal
